
Microsoft Visual Studio Solution File, Format Version 12.00
# Visual Studio Version 16
VisualStudioVersion = 16.0.30114.105
MinimumVisualStudioVersion = 10.0.40219.1
Project("{8BC9CEB8-8B4A-11D0-8D11-00A0C91BC942}") = "Armageddon 2.0", "Armageddon 2.0\Armageddon 2.0.vcxproj", "{EE9508B6-CD45-4F43-8064-01D8A75B6121}"
EndProject
Project("{8BC9CEB8-8B4A-11D0-8D11-00A0C91BC942}") = "Armageddon Editor", "Armageddon Editor\Armageddon Editor.vcxproj", "{DD54BD68-DC14-4CC2-B3E8-0BAE2D463C71}"
	ProjectSection(ProjectDependencies) = postProject
		{EE9508B6-CD45-4F43-8064-01D8A75B6121} = {EE9508B6-CD45-4F43-8064-01D8A75B6121}
	EndProjectSection
EndProject
Project("{FAE04EC0-301F-11D3-BF4B-00C04F79EFBC}") = "Armageddon-Script", "Armageddon-Script\Armageddon-Script.csproj", "{DBD6DC44-6C06-4D4B-A286-E8502C3854C0}"
EndProject
Global
	GlobalSection(SolutionConfigurationPlatforms) = preSolution
		Debug|Any CPU = Debug|Any CPU
		Debug|x64 = Debug|x64
		Debug|x86 = Debug|x86
		Release|Any CPU = Release|Any CPU
		Release|x64 = Release|x64
		Release|x86 = Release|x86
	EndGlobalSection
	GlobalSection(ProjectConfigurationPlatforms) = postSolution
		{EE9508B6-CD45-4F43-8064-01D8A75B6121}.Debug|Any CPU.ActiveCfg = Debug|Win32
		{EE9508B6-CD45-4F43-8064-01D8A75B6121}.Debug|x64.ActiveCfg = Debug|x64
		{EE9508B6-CD45-4F43-8064-01D8A75B6121}.Debug|x64.Build.0 = Debug|x64
		{EE9508B6-CD45-4F43-8064-01D8A75B6121}.Debug|x86.ActiveCfg = Debug|Win32
		{EE9508B6-CD45-4F43-8064-01D8A75B6121}.Debug|x86.Build.0 = Debug|Win32
		{EE9508B6-CD45-4F43-8064-01D8A75B6121}.Release|Any CPU.ActiveCfg = Release|Win32
		{EE9508B6-CD45-4F43-8064-01D8A75B6121}.Release|x64.ActiveCfg = Release|x64
		{EE9508B6-CD45-4F43-8064-01D8A75B6121}.Release|x64.Build.0 = Release|x64
		{EE9508B6-CD45-4F43-8064-01D8A75B6121}.Release|x86.ActiveCfg = Release|Win32
		{EE9508B6-CD45-4F43-8064-01D8A75B6121}.Release|x86.Build.0 = Release|Win32
		{DD54BD68-DC14-4CC2-B3E8-0BAE2D463C71}.Debug|Any CPU.ActiveCfg = Debug|Win32
		{DD54BD68-DC14-4CC2-B3E8-0BAE2D463C71}.Debug|x64.ActiveCfg = Debug|x64
		{DD54BD68-DC14-4CC2-B3E8-0BAE2D463C71}.Debug|x64.Build.0 = Debug|x64
		{DD54BD68-DC14-4CC2-B3E8-0BAE2D463C71}.Debug|x86.ActiveCfg = Debug|Win32
		{DD54BD68-DC14-4CC2-B3E8-0BAE2D463C71}.Debug|x86.Build.0 = Debug|Win32
		{DD54BD68-DC14-4CC2-B3E8-0BAE2D463C71}.Release|Any CPU.ActiveCfg = Release|Win32
		{DD54BD68-DC14-4CC2-B3E8-0BAE2D463C71}.Release|x64.ActiveCfg = Release|x64
		{DD54BD68-DC14-4CC2-B3E8-0BAE2D463C71}.Release|x64.Build.0 = Release|x64
		{DD54BD68-DC14-4CC2-B3E8-0BAE2D463C71}.Release|x86.ActiveCfg = Release|Win32
		{DD54BD68-DC14-4CC2-B3E8-0BAE2D463C71}.Release|x86.Build.0 = Release|Win32
		{DBD6DC44-6C06-4D4B-A286-E8502C3854C0}.Debug|Any CPU.ActiveCfg = Debug|Any CPU
		{DBD6DC44-6C06-4D4B-A286-E8502C3854C0}.Debug|Any CPU.Build.0 = Debug|Any CPU
		{DBD6DC44-6C06-4D4B-A286-E8502C3854C0}.Debug|x64.ActiveCfg = Debug|Any CPU
		{DBD6DC44-6C06-4D4B-A286-E8502C3854C0}.Debug|x64.Build.0 = Debug|Any CPU
		{DBD6DC44-6C06-4D4B-A286-E8502C3854C0}.Debug|x86.ActiveCfg = Debug|Any CPU
		{DBD6DC44-6C06-4D4B-A286-E8502C3854C0}.Debug|x86.Build.0 = Debug|Any CPU
		{DBD6DC44-6C06-4D4B-A286-E8502C3854C0}.Release|Any CPU.ActiveCfg = Release|Any CPU
		{DBD6DC44-6C06-4D4B-A286-E8502C3854C0}.Release|Any CPU.Build.0 = Release|Any CPU
		{DBD6DC44-6C06-4D4B-A286-E8502C3854C0}.Release|x64.ActiveCfg = Release|Any CPU
		{DBD6DC44-6C06-4D4B-A286-E8502C3854C0}.Release|x64.Build.0 = Release|Any CPU
		{DBD6DC44-6C06-4D4B-A286-E8502C3854C0}.Release|x86.ActiveCfg = Release|Any CPU
		{DBD6DC44-6C06-4D4B-A286-E8502C3854C0}.Release|x86.Build.0 = Release|Any CPU
	EndGlobalSection
	GlobalSection(SolutionProperties) = preSolution
		HideSolutionNode = FALSE
	EndGlobalSection
	GlobalSection(ExtensibilityGlobals) = postSolution
		SolutionGuid = {73643563-FB21-4C48-A9C4-43C1D58F6DE6}
	EndGlobalSection
EndGlobal
